# THIS IS AN AUTOGENERATED FILE. DO NOT EDIT THIS FILE DIRECTLY.
# yarn lockfile v1


"@dsherret/to-absolute-glob@^2.0.2":
  version "2.0.2"
  resolved "https://registry.yarnpkg.com/@dsherret/to-absolute-glob/-/to-absolute-glob-2.0.2.tgz#1f6475dc8bd974cea07a2daf3864b317b1dd332c"
  integrity sha1-H2R13IvZdM6gei2vOGSzF7HdMyw=
  dependencies:
    is-absolute "^1.0.0"
    is-negated-glob "^1.0.0"

"@nodelib/fs.scandir@2.1.4":
  version "2.1.4"
  resolved "https://registry.yarnpkg.com/@nodelib/fs.scandir/-/fs.scandir-2.1.4.tgz#d4b3549a5db5de2683e0c1071ab4f140904bbf69"
  integrity sha512-33g3pMJk3bg5nXbL/+CY6I2eJDzZAni49PfJnL5fghPTggPvBd/pFNSgJsdAgWptuFu7qq/ERvOYFlhvsLTCKA==
  dependencies:
    "@nodelib/fs.stat" "2.0.4"
    run-parallel "^1.1.9"

"@nodelib/fs.stat@2.0.4", "@nodelib/fs.stat@^2.0.2":
  version "2.0.4"
  resolved "https://registry.yarnpkg.com/@nodelib/fs.stat/-/fs.stat-2.0.4.tgz#a3f2dd61bab43b8db8fa108a121cfffe4c676655"
  integrity sha512-IYlHJA0clt2+Vg7bccq+TzRdJvv19c2INqBSsoOLp1je7xjtr7J26+WXR72MCdvU9q1qTzIWDfhMf+DRvQJK4Q==

"@nodelib/fs.walk@^1.2.3":
  version "1.2.6"
  resolved "https://registry.yarnpkg.com/@nodelib/fs.walk/-/fs.walk-1.2.6.tgz#cce9396b30aa5afe9e3756608f5831adcb53d063"
  integrity sha512-8Broas6vTtW4GIXTAHDoE32hnN2M5ykgCpWGbuXHQ15vEMqr23pB76e/GZcYsZCHALv50ktd24qhEyKr6wBtow==
  dependencies:
    "@nodelib/fs.scandir" "2.1.4"
    fastq "^1.6.0"

"@ts-morph/common@~0.7.0":
  version "0.7.5"
  resolved "https://registry.yarnpkg.com/@ts-morph/common/-/common-0.7.5.tgz#d81603abd4b86d0099d69239cbbcdf990a5dfb25"
  integrity sha512-nlFunSKAsFWI0Ol/uPxJcpVqXxTGNuaWXTmoQDhcnwj1UM4QmBSUVWzqoQ0OzUlqo4sV1gobfFBkMHuZVemMAQ==
  dependencies:
    "@dsherret/to-absolute-glob" "^2.0.2"
    fast-glob "^3.2.5"
    is-negated-glob "^1.0.0"
    mkdirp "^1.0.4"
    multimatch "^5.0.0"
    typescript "~4.1.3"

"@types/minimatch@^3.0.3":
  version "3.0.3"
  resolved "https://registry.yarnpkg.com/@types/minimatch/-/minimatch-3.0.3.tgz#3dca0e3f33b200fc7d1139c0cd96c1268cadfd9d"
  integrity sha512-tHq6qdbT9U1IRSGf14CL0pUlULksvY9OZ+5eEgl1N7t+OA3tGvNpxJCzuKQlsNgCVwbAs670L1vcVQi8j9HjnA==

"@types/node@^14.14.31":
  version "14.14.31"
  resolved "https://registry.yarnpkg.com/@types/node/-/node-14.14.31.tgz#72286bd33d137aa0d152d47ec7c1762563d34055"
  integrity sha512-vFHy/ezP5qI0rFgJ7aQnjDXwAMrG0KqqIH7tQG5PPv3BWBayOPIQNBjVc/P6hhdZfMx51REc6tfDNXHUio893g==

array-differ@^3.0.0:
  version "3.0.0"
  resolved "https://registry.yarnpkg.com/array-differ/-/array-differ-3.0.0.tgz#3cbb3d0f316810eafcc47624734237d6aee4ae6b"
  integrity sha512-THtfYS6KtME/yIAhKjZ2ul7XI96lQGHRputJQHO80LAWQnuGP4iCIN8vdMRboGbIEYBwU33q8Tch1os2+X0kMg==

array-union@^2.1.0:
  version "2.1.0"
  resolved "https://registry.yarnpkg.com/array-union/-/array-union-2.1.0.tgz#b798420adbeb1de828d84acd8a2e23d3efe85e8d"
  integrity sha512-HGyxoOTYUyCM6stUe6EJgnd4EoewAI7zMdfqO+kGjnlZmBDz/cR5pf8r/cR4Wq60sL/p0IkcjUEEPwS3GFrIyw==

arrify@^2.0.1:
  version "2.0.1"
  resolved "https://registry.yarnpkg.com/arrify/-/arrify-2.0.1.tgz#c9655e9331e0abcd588d2a7cad7e9956f66701fa"
  integrity sha512-3duEwti880xqi4eAMN8AyR4a0ByT90zoYdLlevfrvU43vb0YZwZVfxOgxWrLXXXpyugL0hNZc9G6BiB5B3nUug==

balanced-match@^1.0.0:
  version "1.0.0"
  resolved "https://registry.yarnpkg.com/balanced-match/-/balanced-match-1.0.0.tgz#89b4d199ab2bee49de164ea02b89ce462d71b767"
  integrity sha1-ibTRmasr7kneFk6gK4nORi1xt2c=

brace-expansion@^1.1.7:
  version "1.1.11"
  resolved "https://registry.yarnpkg.com/brace-expansion/-/brace-expansion-1.1.11.tgz#3c7fcbf529d87226f3d2f52b966ff5271eb441dd"
  integrity sha512-iCuPHDFgrHX7H2vEI/5xpz07zSHB00TpugqhmYtVmMO6518mCuRMoOYFldEBl0g187ufozdaHgWKcYFb61qGiA==
  dependencies:
    balanced-match "^1.0.0"
    concat-map "0.0.1"

braces@^3.0.1:
  version "3.0.2"
  resolved "https://registry.yarnpkg.com/braces/-/braces-3.0.2.tgz#3454e1a462ee8d599e236df336cd9ea4f8afe107"
  integrity sha512-b8um+L1RzM3WDSzvhm6gIz1yfTbBt6YTlcEKAvsmqCZZFw46z626lVj9j1yEPW33H5H+lBQpZMP1k8l+78Ha0A==
  dependencies:
    fill-range "^7.0.1"

code-block-writer@^10.1.1:
  version "10.1.1"
  resolved "https://registry.yarnpkg.com/code-block-writer/-/code-block-writer-10.1.1.tgz#ad5684ed4bfb2b0783c8b131281ae84ee640a42f"
  integrity sha512-67ueh2IRGst/51p0n6FvPrnRjAGHY5F8xdjkgrYE7DDzpJe6qA07RYQ9VcoUeo5ATOjSOiWpSL3SWBRRbempMw==

concat-map@0.0.1:
  version "0.0.1"
  resolved "https://registry.yarnpkg.com/concat-map/-/concat-map-0.0.1.tgz#d8a96bd77fd68df7793a73036a3ba0d5405d477b"
  integrity sha1-2Klr13/Wjfd5OnMDajug1UBdR3s=

fast-glob@^3.2.5:
  version "3.2.5"
  resolved "https://registry.yarnpkg.com/fast-glob/-/fast-glob-3.2.5.tgz#7939af2a656de79a4f1901903ee8adcaa7cb9661"
  integrity sha512-2DtFcgT68wiTTiwZ2hNdJfcHNke9XOfnwmBRWXhmeKM8rF0TGwmC/Qto3S7RoZKp5cilZbxzO5iTNTQsJ+EeDg==
  dependencies:
    "@nodelib/fs.stat" "^2.0.2"
    "@nodelib/fs.walk" "^1.2.3"
    glob-parent "^5.1.0"
    merge2 "^1.3.0"
    micromatch "^4.0.2"
    picomatch "^2.2.1"

fastq@^1.6.0:
  version "1.10.1"
  resolved "https://registry.yarnpkg.com/fastq/-/fastq-1.10.1.tgz#8b8f2ac8bf3632d67afcd65dac248d5fdc45385e"
  integrity sha512-AWuv6Ery3pM+dY7LYS8YIaCiQvUaos9OB1RyNgaOWnaX+Tik7Onvcsf8x8c+YtDeT0maYLniBip2hox5KtEXXA==
  dependencies:
    reusify "^1.0.4"

fill-range@^7.0.1:
  version "7.0.1"
  resolved "https://registry.yarnpkg.com/fill-range/-/fill-range-7.0.1.tgz#1919a6a7c75fe38b2c7c77e5198535da9acdda40"
  integrity sha512-qOo9F+dMUmC2Lcb4BbVvnKJxTPjCm+RRpe4gDuGrzkL7mEVl/djYSu2OdQ2Pa302N4oqkSg9ir6jaLWJ2USVpQ==
  dependencies:
    to-regex-range "^5.0.1"

glob-parent@^5.1.0:
  version "5.1.1"
  resolved "https://registry.yarnpkg.com/glob-parent/-/glob-parent-5.1.1.tgz#b6c1ef417c4e5663ea498f1c45afac6916bbc229"
  integrity sha512-FnI+VGOpnlGHWZxthPGR+QhR78fuiK0sNLkHQv+bL9fQi57lNNdquIbna/WrfROrolq8GK5Ek6BiMwqL/voRYQ==
  dependencies:
    is-glob "^4.0.1"

is-absolute@^1.0.0:
  version "1.0.0"
  resolved "https://registry.yarnpkg.com/is-absolute/-/is-absolute-1.0.0.tgz#395e1ae84b11f26ad1795e73c17378e48a301576"
  integrity sha512-dOWoqflvcydARa360Gvv18DZ/gRuHKi2NU/wU5X1ZFzdYfH29nkiNZsF3mp4OJ3H4yo9Mx8A/uAGNzpzPN3yBA==
  dependencies:
    is-relative "^1.0.0"
    is-windows "^1.0.1"

is-extglob@^2.1.1:
  version "2.1.1"
  resolved "https://registry.yarnpkg.com/is-extglob/-/is-extglob-2.1.1.tgz#a88c02535791f02ed37c76a1b9ea9773c833f8c2"
  integrity sha1-qIwCU1eR8C7TfHahueqXc8gz+MI=

is-glob@^4.0.1:
  version "4.0.1"
  resolved "https://registry.yarnpkg.com/is-glob/-/is-glob-4.0.1.tgz#7567dbe9f2f5e2467bc77ab83c4a29482407a5dc"
  integrity sha512-5G0tKtBTFImOqDnLB2hG6Bp2qcKEFduo4tZu9MT/H6NQv/ghhy30o55ufafxJ/LdH79LLs2Kfrn85TLKyA7BUg==
  dependencies:
    is-extglob "^2.1.1"

is-negated-glob@^1.0.0:
  version "1.0.0"
  resolved "https://registry.yarnpkg.com/is-negated-glob/-/is-negated-glob-1.0.0.tgz#6910bca5da8c95e784b5751b976cf5a10fee36d2"
  integrity sha1-aRC8pdqMleeEtXUbl2z1oQ/uNtI=

is-number@^7.0.0:
  version "7.0.0"
  resolved "https://registry.yarnpkg.com/is-number/-/is-number-7.0.0.tgz#7535345b896734d5f80c4d06c50955527a14f12b"
  integrity sha512-41Cifkg6e8TylSpdtTpeLVMqvSBEVzTttHvERD741+pnZ8ANv0004MRL43QKPDlK9cGvNp6NZWZUBlbGXYxxng==

is-relative@^1.0.0:
  version "1.0.0"
  resolved "https://registry.yarnpkg.com/is-relative/-/is-relative-1.0.0.tgz#a1bb6935ce8c5dba1e8b9754b9b2dcc020e2260d"
  integrity sha512-Kw/ReK0iqwKeu0MITLFuj0jbPAmEiOsIwyIXvvbfa6QfmN9pkD1M+8pdk7Rl/dTKbH34/XBFMbgD4iMJhLQbGA==
  dependencies:
    is-unc-path "^1.0.0"

is-unc-path@^1.0.0:
  version "1.0.0"
  resolved "https://registry.yarnpkg.com/is-unc-path/-/is-unc-path-1.0.0.tgz#d731e8898ed090a12c352ad2eaed5095ad322c9d"
  integrity sha512-mrGpVd0fs7WWLfVsStvgF6iEJnbjDFZh9/emhRDcGWTduTfNHd9CHeUwH3gYIjdbwo4On6hunkztwOaAw0yllQ==
  dependencies:
    unc-path-regex "^0.1.2"

is-windows@^1.0.1:
  version "1.0.2"
  resolved "https://registry.yarnpkg.com/is-windows/-/is-windows-1.0.2.tgz#d1850eb9791ecd18e6182ce12a30f396634bb19d"
  integrity sha512-eXK1UInq2bPmjyX6e3VHIzMLobc4J94i4AWn+Hpq3OU5KkrRC96OAcR3PRJ/pGu6m8TRnBHP9dkXQVsT/COVIA==

merge2@^1.3.0:
  version "1.4.1"
  resolved "https://registry.yarnpkg.com/merge2/-/merge2-1.4.1.tgz#4368892f885e907455a6fd7dc55c0c9d404990ae"
  integrity sha512-8q7VEgMJW4J8tcfVPy8g09NcQwZdbwFEqhe/WZkoIzjn/3TGDwtOCYtXGxA3O8tPzpczCCDgv+P2P5y00ZJOOg==

micromatch@^4.0.2:
  version "4.0.2"
  resolved "https://registry.yarnpkg.com/micromatch/-/micromatch-4.0.2.tgz#4fcb0999bf9fbc2fcbdd212f6d629b9a56c39259"
  integrity sha512-y7FpHSbMUMoyPbYUSzO6PaZ6FyRnQOpHuKwbo1G+Knck95XVU4QAiKdGEnj5wwoS7PlOgthX/09u5iFJ+aYf5Q==
  dependencies:
    braces "^3.0.1"
    picomatch "^2.0.5"

minimatch@^3.0.4:
  version "3.0.4"
  resolved "https://registry.yarnpkg.com/minimatch/-/minimatch-3.0.4.tgz#5166e286457f03306064be5497e8dbb0c3d32083"
  integrity sha512-yJHVQEhyqPLUTgt9B83PXu6W3rx4MvvHvSUvToogpwoGDOUQ+yDrR0HRot+yOCdCO7u4hX3pWft6kWBBcqh0UA==
  dependencies:
    brace-expansion "^1.1.7"

mkdirp@^1.0.4:
  version "1.0.4"
  resolved "https://registry.yarnpkg.com/mkdirp/-/mkdirp-1.0.4.tgz#3eb5ed62622756d79a5f0e2a221dfebad75c2f7e"
  integrity sha512-vVqVZQyf3WLx2Shd0qJ9xuvqgAyKPLAiqITEtqW0oIUjzo3PePDd6fW9iFz30ef7Ysp/oiWqbhszeGWW2T6Gzw==

multimatch@^5.0.0:
  version "5.0.0"
  resolved "https://registry.yarnpkg.com/multimatch/-/multimatch-5.0.0.tgz#932b800963cea7a31a033328fa1e0c3a1874dbe6"
  integrity sha512-ypMKuglUrZUD99Tk2bUQ+xNQj43lPEfAeX2o9cTteAmShXy2VHDJpuwu1o0xqoKCt9jLVAvwyFKdLTPXKAfJyA==
  dependencies:
    "@types/minimatch" "^3.0.3"
    array-differ "^3.0.0"
    array-union "^2.1.0"
    arrify "^2.0.1"
    minimatch "^3.0.4"

picomatch@^2.0.5, picomatch@^2.2.1:
  version "2.2.2"
  resolved "https://registry.yarnpkg.com/picomatch/-/picomatch-2.2.2.tgz#21f333e9b6b8eaff02468f5146ea406d345f4dad"
  integrity sha512-q0M/9eZHzmr0AulXyPwNfZjtwZ/RBZlbN3K3CErVrk50T2ASYI7Bye0EvekFY3IP1Nt2DHu0re+V2ZHIpMkuWg==

queue-microtask@^1.2.2:
  version "1.2.2"
  resolved "https://registry.yarnpkg.com/queue-microtask/-/queue-microtask-1.2.2.tgz#abf64491e6ecf0f38a6502403d4cda04f372dfd3"
  integrity sha512-dB15eXv3p2jDlbOiNLyMabYg1/sXvppd8DP2J3EOCQ0AkuSXCW2tP7mnVouVLJKgUMY6yP0kcQDVpLCN13h4Xg==

reusify@^1.0.4:
  version "1.0.4"
  resolved "https://registry.yarnpkg.com/reusify/-/reusify-1.0.4.tgz#90da382b1e126efc02146e90845a88db12925d76"
  integrity sha512-U9nH88a3fc/ekCF1l0/UP1IosiuIjyTh7hBvXVMHYgVcfGvt897Xguj2UOLDeI5BG2m7/uwyaLVT6fbtCwTyzw==

run-parallel@^1.1.9:
  version "1.2.0"
  resolved "https://registry.yarnpkg.com/run-parallel/-/run-parallel-1.2.0.tgz#66d1368da7bdf921eb9d95bd1a9229e7f21a43ee"
  integrity sha512-5l4VyZR86LZ/lDxZTR6jqL8AFE2S0IFLMP26AbjsLVADxHdhB/c0GUsH+y39UfCi3dzz8OlQuPmnaJOMoDHQBA==
  dependencies:
    queue-microtask "^1.2.2"

to-regex-range@^5.0.1:
  version "5.0.1"
  resolved "https://registry.yarnpkg.com/to-regex-range/-/to-regex-range-5.0.1.tgz#1648c44aae7c8d988a326018ed72f5b4dd0392e4"
  integrity sha512-65P7iz6X5yEr1cwcgvQxbbIw7Uk3gOy5dIdtZ4rDveLqhrdJP+Li/Hx6tyK0NEb+2GCyneCMJiGqrADCSNk8sQ==
  dependencies:
    is-number "^7.0.0"

ts-morph@^9.1.0:
  version "9.1.0"
  resolved "https://registry.yarnpkg.com/ts-morph/-/ts-morph-9.1.0.tgz#10d2088387c71f3c674f82492a3cec1e3538f0dd"
  integrity sha512-sei4u651MBenr27sD6qLDXN3gZ4thiX71E3qV7SuVtDas0uvK2LtgZkIYUf9DKm/fLJ6AB/+yhRJ1vpEBJgy7Q==
  dependencies:
    "@dsherret/to-absolute-glob" "^2.0.2"
    "@ts-morph/common" "~0.7.0"
    code-block-writer "^10.1.1"

typescript@^4.1.5, typescript@~4.1.3:
  version "4.1.5"
  resolved "https://registry.yarnpkg.com/typescript/-/typescript-4.1.5.tgz#123a3b214aaff3be32926f0d8f1f6e704eb89a72"
  integrity sha512-6OSu9PTIzmn9TCDiovULTnET6BgXtDYL4Gg4szY+cGsc3JP1dQL8qvE8kShTRx1NIw4Q9IBHlwODjkjWEtMUyA==

unc-path-regex@^0.1.2:
  version "0.1.2"
  resolved "https://registry.yarnpkg.com/unc-path-regex/-/unc-path-regex-0.1.2.tgz#e73dd3d7b0d7c5ed86fbac6b0ae7d8c6a69d50fa"
  integrity sha1-5z3T17DXxe2G+6xrCufYxqadUPo=
